
Microsoft Visual Studio Solution File, Format Version 12.00
# Visual Studio 15
VisualStudioVersion = 15.0.28307.421
MinimumVisualStudioVersion = 10.0.40219.1
Project("{FAE04EC0-301F-11D3-BF4B-00C04F79EFBC}") = "Adriel.TheMovieDB", "Adriel.TheMovieDB\Adriel.TheMovieDB.csproj", "{662A48E5-5D8F-4E5E-8205-2BE1D07F6F97}"
EndProject
Project("{FAE04EC0-301F-11D3-BF4B-00C04F79EFBC}") = "Adriel.TheMovieDB.Domain", "Adriel.TheMovieDB.Domain\Adriel.TheMovieDB.Domain.csproj", "{DA79319D-A4D2-42D8-A696-4FF0A74E520D}"
EndProject
Project("{FAE04EC0-301F-11D3-BF4B-00C04F79EFBC}") = "Store.WS", "Store.WS\Store.WS.csproj", "{086A0280-5E49-4BFF-B42C-060C7B9E90CA}"
EndProject
Global
	GlobalSection(SolutionConfigurationPlatforms) = preSolution
		Debug|Any CPU = Debug|Any CPU
		Release|Any CPU = Release|Any CPU
	EndGlobalSection
	GlobalSection(ProjectConfigurationPlatforms) = postSolution
		{662A48E5-5D8F-4E5E-8205-2BE1D07F6F97}.Debug|Any CPU.ActiveCfg = Debug|Any CPU
		{662A48E5-5D8F-4E5E-8205-2BE1D07F6F97}.Debug|Any CPU.Build.0 = Debug|Any CPU
		{662A48E5-5D8F-4E5E-8205-2BE1D07F6F97}.Release|Any CPU.ActiveCfg = Release|Any CPU
		{662A48E5-5D8F-4E5E-8205-2BE1D07F6F97}.Release|Any CPU.Build.0 = Release|Any CPU
		{DA79319D-A4D2-42D8-A696-4FF0A74E520D}.Debug|Any CPU.ActiveCfg = Debug|Any CPU
		{DA79319D-A4D2-42D8-A696-4FF0A74E520D}.Debug|Any CPU.Build.0 = Debug|Any CPU
		{DA79319D-A4D2-42D8-A696-4FF0A74E520D}.Release|Any CPU.ActiveCfg = Release|Any CPU
		{DA79319D-A4D2-42D8-A696-4FF0A74E520D}.Release|Any CPU.Build.0 = Release|Any CPU
		{086A0280-5E49-4BFF-B42C-060C7B9E90CA}.Debug|Any CPU.ActiveCfg = Debug|Any CPU
		{086A0280-5E49-4BFF-B42C-060C7B9E90CA}.Debug|Any CPU.Build.0 = Debug|Any CPU
		{086A0280-5E49-4BFF-B42C-060C7B9E90CA}.Release|Any CPU.ActiveCfg = Release|Any CPU
		{086A0280-5E49-4BFF-B42C-060C7B9E90CA}.Release|Any CPU.Build.0 = Release|Any CPU
	EndGlobalSection
	GlobalSection(SolutionProperties) = preSolution
		HideSolutionNode = FALSE
	EndGlobalSection
	GlobalSection(ExtensibilityGlobals) = postSolution
		SolutionGuid = {37322BFA-26B8-4F7E-91D1-4A1EE63405F9}
	EndGlobalSection
EndGlobal
